
Microsoft Visual Studio Solution File, Format Version 11.00
# Visual C# Express 2010
Project("{FAE04EC0-301F-11D3-BF4B-00C04F79EFBC}") = "Blood Bank Manager", "Blood Bank Manager\Blood Bank Manager.csproj", "{E5E1BD03-74C5-4582-9DD9-F21205E6B125}"
EndProject
Global
	GlobalSection(SolutionConfigurationPlatforms) = preSolution
		Debug|x86 = Debug|x86
		Release|x86 = Release|x86
	EndGlobalSection
	GlobalSection(ProjectConfigurationPlatforms) = postSolution
		{E5E1BD03-74C5-4582-9DD9-F21205E6B125}.Debug|x86.ActiveCfg = Debug|x86
		{E5E1BD03-74C5-4582-9DD9-F21205E6B125}.Debug|x86.Build.0 = Debug|x86
		{E5E1BD03-74C5-4582-9DD9-F21205E6B125}.Release|x86.ActiveCfg = Release|x86
		{E5E1BD03-74C5-4582-9DD9-F21205E6B125}.Release|x86.Build.0 = Release|x86
	EndGlobalSection
	GlobalSection(SolutionProperties) = preSolution
		HideSolutionNode = FALSE
	EndGlobalSection
EndGlobal
